
Microsoft Visual Studio Solution File, Format Version 12.00
# Visual Studio Version 16
VisualStudioVersion = 16.0.32228.343
MinimumVisualStudioVersion = 10.0.40219.1
Project("{9A19103F-16F7-4668-BE54-9A1E7A4F7556}") = "001LinguagensECompiladores", "Fundamentos-C_Sharp\001LinguagensECompiladores.csproj", "{EF31B758-964A-4C2A-9E85-0E092B49E36C}"
EndProject
Project("{9A19103F-16F7-4668-BE54-9A1E7A4F7556}") = "002C_Sharp", "002C_Sharp\002C_Sharp.csproj", "{18147F8F-49B2-43D7-ADF7-3F632081F5A4}"
EndProject
Project("{9A19103F-16F7-4668-BE54-9A1E7A4F7556}") = "003FrameWorks", "003FrameWorks\003FrameWorks.csproj", "{6112475C-C6D3-4893-989A-FE9008245097}"
EndProject
Project("{9A19103F-16F7-4668-BE54-9A1E7A4F7556}") = "004DotNet", "004DotNet\004DotNet.csproj", "{196F44DB-4880-489B-8B07-F73107F019D7}"
EndProject
Project("{9A19103F-16F7-4668-BE54-9A1E7A4F7556}") = "005LinguagemDeProgramacao_CSharp", "005LinguagemDeProgramacao_CSharp\005LinguagemDeProgramacao_CSharp.csproj", "{F0CB79FD-C5FA-44E1-895D-CBE590ACEA41}"
EndProject
Project("{9A19103F-16F7-4668-BE54-9A1E7A4F7556}") = "006CriandoUmaCalculadora", "006CriandoUmaCalculadora\006CriandoUmaCalculadora.csproj", "{EDA0D406-7D6F-4FE7-BFA9-1FF820B0F7E1}"
EndProject
Project("{9A19103F-16F7-4668-BE54-9A1E7A4F7556}") = "007Cronometro", "007Cronometro\007Cronometro.csproj", "{B5ADEEDD-4001-42BB-A856-1BB0BD369605}"
EndProject
Project("{9A19103F-16F7-4668-BE54-9A1E7A4F7556}") = "008EditorDeTexto", "008EditorDeTexto\008EditorDeTexto.csproj", "{BFE0BA8B-6F64-4DD2-8FE8-64B2110F62D6}"
EndProject
Project("{9A19103F-16F7-4668-BE54-9A1E7A4F7556}") = "009Strings", "009Strings\009Strings.csproj", "{01D0758A-B3E9-4D75-AA38-9E93B4373826}"
EndProject
Project("{9A19103F-16F7-4668-BE54-9A1E7A4F7556}") = "010EditorHTML", "010EditorHTML\010EditorHTML.csproj", "{B69F4C86-A9E1-4245-8364-03106AEDDC0A}"
EndProject
Project("{9A19103F-16F7-4668-BE54-9A1E7A4F7556}") = "011Datas", "011Datas\011Datas.csproj", "{301916DA-597D-4385-A08E-2B86F47F0E1A}"
EndProject
Project("{FAE04EC0-301F-11D3-BF4B-00C04F79EFBC}") = "012Moedas", "012Moedas\012Moedas.csproj", "{F5406A2D-0883-469F-9909-1E767BA45556}"
EndProject
Project("{FAE04EC0-301F-11D3-BF4B-00C04F79EFBC}") = "013Arrays", "013Arrays\013Arrays.csproj", "{7DE2B168-A838-4CAB-83B8-3ED25D1B6E9A}"
EndProject
Project("{FAE04EC0-301F-11D3-BF4B-00C04F79EFBC}") = "014Exceptions", "014Exceptions\014Exceptions.csproj", "{107BBF5B-20CB-4883-8489-78DD96ACAEDC}"
EndProject
Global
	GlobalSection(SolutionConfigurationPlatforms) = preSolution
		Debug|Any CPU = Debug|Any CPU
		Release|Any CPU = Release|Any CPU
	EndGlobalSection
	GlobalSection(ProjectConfigurationPlatforms) = postSolution
		{EF31B758-964A-4C2A-9E85-0E092B49E36C}.Debug|Any CPU.ActiveCfg = Debug|Any CPU
		{EF31B758-964A-4C2A-9E85-0E092B49E36C}.Debug|Any CPU.Build.0 = Debug|Any CPU
		{EF31B758-964A-4C2A-9E85-0E092B49E36C}.Release|Any CPU.ActiveCfg = Release|Any CPU
		{EF31B758-964A-4C2A-9E85-0E092B49E36C}.Release|Any CPU.Build.0 = Release|Any CPU
		{18147F8F-49B2-43D7-ADF7-3F632081F5A4}.Debug|Any CPU.ActiveCfg = Debug|Any CPU
		{18147F8F-49B2-43D7-ADF7-3F632081F5A4}.Debug|Any CPU.Build.0 = Debug|Any CPU
		{18147F8F-49B2-43D7-ADF7-3F632081F5A4}.Release|Any CPU.ActiveCfg = Release|Any CPU
		{18147F8F-49B2-43D7-ADF7-3F632081F5A4}.Release|Any CPU.Build.0 = Release|Any CPU
		{6112475C-C6D3-4893-989A-FE9008245097}.Debug|Any CPU.ActiveCfg = Debug|Any CPU
		{6112475C-C6D3-4893-989A-FE9008245097}.Debug|Any CPU.Build.0 = Debug|Any CPU
		{6112475C-C6D3-4893-989A-FE9008245097}.Release|Any CPU.ActiveCfg = Release|Any CPU
		{6112475C-C6D3-4893-989A-FE9008245097}.Release|Any CPU.Build.0 = Release|Any CPU
		{196F44DB-4880-489B-8B07-F73107F019D7}.Debug|Any CPU.ActiveCfg = Debug|Any CPU
		{196F44DB-4880-489B-8B07-F73107F019D7}.Debug|Any CPU.Build.0 = Debug|Any CPU
		{196F44DB-4880-489B-8B07-F73107F019D7}.Release|Any CPU.ActiveCfg = Release|Any CPU
		{196F44DB-4880-489B-8B07-F73107F019D7}.Release|Any CPU.Build.0 = Release|Any CPU
		{F0CB79FD-C5FA-44E1-895D-CBE590ACEA41}.Debug|Any CPU.ActiveCfg = Debug|Any CPU
		{F0CB79FD-C5FA-44E1-895D-CBE590ACEA41}.Debug|Any CPU.Build.0 = Debug|Any CPU
		{F0CB79FD-C5FA-44E1-895D-CBE590ACEA41}.Release|Any CPU.ActiveCfg = Release|Any CPU
		{F0CB79FD-C5FA-44E1-895D-CBE590ACEA41}.Release|Any CPU.Build.0 = Release|Any CPU
		{EDA0D406-7D6F-4FE7-BFA9-1FF820B0F7E1}.Debug|Any CPU.ActiveCfg = Debug|Any CPU
		{EDA0D406-7D6F-4FE7-BFA9-1FF820B0F7E1}.Debug|Any CPU.Build.0 = Debug|Any CPU
		{EDA0D406-7D6F-4FE7-BFA9-1FF820B0F7E1}.Release|Any CPU.ActiveCfg = Release|Any CPU
		{EDA0D406-7D6F-4FE7-BFA9-1FF820B0F7E1}.Release|Any CPU.Build.0 = Release|Any CPU
		{B5ADEEDD-4001-42BB-A856-1BB0BD369605}.Debug|Any CPU.ActiveCfg = Debug|Any CPU
		{B5ADEEDD-4001-42BB-A856-1BB0BD369605}.Debug|Any CPU.Build.0 = Debug|Any CPU
		{B5ADEEDD-4001-42BB-A856-1BB0BD369605}.Release|Any CPU.ActiveCfg = Release|Any CPU
		{B5ADEEDD-4001-42BB-A856-1BB0BD369605}.Release|Any CPU.Build.0 = Release|Any CPU
		{BFE0BA8B-6F64-4DD2-8FE8-64B2110F62D6}.Debug|Any CPU.ActiveCfg = Debug|Any CPU
		{BFE0BA8B-6F64-4DD2-8FE8-64B2110F62D6}.Debug|Any CPU.Build.0 = Debug|Any CPU
		{BFE0BA8B-6F64-4DD2-8FE8-64B2110F62D6}.Release|Any CPU.ActiveCfg = Release|Any CPU
		{BFE0BA8B-6F64-4DD2-8FE8-64B2110F62D6}.Release|Any CPU.Build.0 = Release|Any CPU
		{01D0758A-B3E9-4D75-AA38-9E93B4373826}.Debug|Any CPU.ActiveCfg = Debug|Any CPU
		{01D0758A-B3E9-4D75-AA38-9E93B4373826}.Debug|Any CPU.Build.0 = Debug|Any CPU
		{01D0758A-B3E9-4D75-AA38-9E93B4373826}.Release|Any CPU.ActiveCfg = Release|Any CPU
		{01D0758A-B3E9-4D75-AA38-9E93B4373826}.Release|Any CPU.Build.0 = Release|Any CPU
		{B69F4C86-A9E1-4245-8364-03106AEDDC0A}.Debug|Any CPU.ActiveCfg = Debug|Any CPU
		{B69F4C86-A9E1-4245-8364-03106AEDDC0A}.Debug|Any CPU.Build.0 = Debug|Any CPU
		{B69F4C86-A9E1-4245-8364-03106AEDDC0A}.Release|Any CPU.ActiveCfg = Release|Any CPU
		{B69F4C86-A9E1-4245-8364-03106AEDDC0A}.Release|Any CPU.Build.0 = Release|Any CPU
		{301916DA-597D-4385-A08E-2B86F47F0E1A}.Debug|Any CPU.ActiveCfg = Debug|Any CPU
		{301916DA-597D-4385-A08E-2B86F47F0E1A}.Debug|Any CPU.Build.0 = Debug|Any CPU
		{301916DA-597D-4385-A08E-2B86F47F0E1A}.Release|Any CPU.ActiveCfg = Release|Any CPU
		{301916DA-597D-4385-A08E-2B86F47F0E1A}.Release|Any CPU.Build.0 = Release|Any CPU
		{F5406A2D-0883-469F-9909-1E767BA45556}.Debug|Any CPU.ActiveCfg = Debug|Any CPU
		{F5406A2D-0883-469F-9909-1E767BA45556}.Debug|Any CPU.Build.0 = Debug|Any CPU
		{F5406A2D-0883-469F-9909-1E767BA45556}.Release|Any CPU.ActiveCfg = Release|Any CPU
		{F5406A2D-0883-469F-9909-1E767BA45556}.Release|Any CPU.Build.0 = Release|Any CPU
		{7DE2B168-A838-4CAB-83B8-3ED25D1B6E9A}.Debug|Any CPU.ActiveCfg = Debug|Any CPU
		{7DE2B168-A838-4CAB-83B8-3ED25D1B6E9A}.Debug|Any CPU.Build.0 = Debug|Any CPU
		{7DE2B168-A838-4CAB-83B8-3ED25D1B6E9A}.Release|Any CPU.ActiveCfg = Release|Any CPU
		{7DE2B168-A838-4CAB-83B8-3ED25D1B6E9A}.Release|Any CPU.Build.0 = Release|Any CPU
		{107BBF5B-20CB-4883-8489-78DD96ACAEDC}.Debug|Any CPU.ActiveCfg = Debug|Any CPU
		{107BBF5B-20CB-4883-8489-78DD96ACAEDC}.Debug|Any CPU.Build.0 = Debug|Any CPU
		{107BBF5B-20CB-4883-8489-78DD96ACAEDC}.Release|Any CPU.ActiveCfg = Release|Any CPU
		{107BBF5B-20CB-4883-8489-78DD96ACAEDC}.Release|Any CPU.Build.0 = Release|Any CPU
	EndGlobalSection
	GlobalSection(SolutionProperties) = preSolution
		HideSolutionNode = FALSE
	EndGlobalSection
	GlobalSection(ExtensibilityGlobals) = postSolution
		SolutionGuid = {F8B5CC5E-C65A-49BE-8045-9AC2086D32E2}
	EndGlobalSection
EndGlobal
